
Microsoft Visual Studio Solution File, Format Version 12.00
# Visual Studio 14
VisualStudioVersion = 14.0.25420.1
MinimumVisualStudioVersion = 10.0.40219.1
Project("{FAE04EC0-301F-11D3-BF4B-00C04F79EFBC}") = "p01_CountRealNumbers", "p01_CountRealNumbers\p01_CountRealNumbers.csproj", "{449821F6-E163-40F3-9699-22A1D2C8CFF8}"
EndProject
Project("{FAE04EC0-301F-11D3-BF4B-00C04F79EFBC}") = "p02_OddOccurrences", "p02_OddOccurrences\p02_OddOccurrences.csproj", "{A5B9B080-EB25-4EB3-A68B-B7E6AE2B0DF1}"
EndProject
Global
	GlobalSection(SolutionConfigurationPlatforms) = preSolution
		Debug|Any CPU = Debug|Any CPU
		Release|Any CPU = Release|Any CPU
	EndGlobalSection
	GlobalSection(ProjectConfigurationPlatforms) = postSolution
		{449821F6-E163-40F3-9699-22A1D2C8CFF8}.Debug|Any CPU.ActiveCfg = Debug|Any CPU
		{449821F6-E163-40F3-9699-22A1D2C8CFF8}.Debug|Any CPU.Build.0 = Debug|Any CPU
		{449821F6-E163-40F3-9699-22A1D2C8CFF8}.Release|Any CPU.ActiveCfg = Release|Any CPU
		{449821F6-E163-40F3-9699-22A1D2C8CFF8}.Release|Any CPU.Build.0 = Release|Any CPU
		{A5B9B080-EB25-4EB3-A68B-B7E6AE2B0DF1}.Debug|Any CPU.ActiveCfg = Debug|Any CPU
		{A5B9B080-EB25-4EB3-A68B-B7E6AE2B0DF1}.Debug|Any CPU.Build.0 = Debug|Any CPU
		{A5B9B080-EB25-4EB3-A68B-B7E6AE2B0DF1}.Release|Any CPU.ActiveCfg = Release|Any CPU
		{A5B9B080-EB25-4EB3-A68B-B7E6AE2B0DF1}.Release|Any CPU.Build.0 = Release|Any CPU
	EndGlobalSection
	GlobalSection(SolutionProperties) = preSolution
		HideSolutionNode = FALSE
	EndGlobalSection
EndGlobal
