
Microsoft Visual Studio Solution File, Format Version 12.00
# Visual Studio 14
VisualStudioVersion = 14.0.25420.1
MinimumVisualStudioVersion = 10.0.40219.1
Project("{FAE04EC0-301F-11D3-BF4B-00C04F79EFBC}") = "p001_Demo", "p001_Demo\p001_Demo.csproj", "{AC32A5E8-1C5E-4215-9F06-57EB0809977A}"
EndProject
Project("{FAE04EC0-301F-11D3-BF4B-00C04F79EFBC}") = "p01_PhoneBook", "p01_PhoneBook\p01_PhoneBook.csproj", "{B0D9D595-665C-437E-AD95-66AF39739188}"
EndProject
Project("{FAE04EC0-301F-11D3-BF4B-00C04F79EFBC}") = "p02_PhonebookUpgrade", "p02_PhonebookUpgrade\p02_PhonebookUpgrade.csproj", "{DB1DC5A7-D505-4904-B45E-E27192B94320}"
EndProject
Project("{FAE04EC0-301F-11D3-BF4B-00C04F79EFBC}") = "p03_AMinerTask", "p03_AMinerTask\p03_AMinerTask.csproj", "{D6302307-2512-43DF-8B1E-68CD9A3ED9BB}"
EndProject
Project("{FAE04EC0-301F-11D3-BF4B-00C04F79EFBC}") = "p04_FixEmails", "p04_FixEmails\p04_FixEmails.csproj", "{7901640E-5935-40C7-A110-C3C472A73059}"
EndProject
Project("{FAE04EC0-301F-11D3-BF4B-00C04F79EFBC}") = "p05_HandsOfCards", "p05_HandsOfCards\p05_HandsOfCards.csproj", "{F5146234-CF92-4970-A13B-DE3E35EEFF72}"
EndProject
Project("{FAE04EC0-301F-11D3-BF4B-00C04F79EFBC}") = "p05_HandsOfCardsOK", "p05_HandsOfCardsOK\p05_HandsOfCardsOK.csproj", "{1ABE925A-2BEF-4E0D-8B08-33965698BE7C}"
EndProject
Project("{FAE04EC0-301F-11D3-BF4B-00C04F79EFBC}") = "p10_СръбскоUnleashed", "p10_СръбскоUnleashed\p10_СръбскоUnleashed.csproj", "{B030DD52-166D-4632-9E0B-913FAEE0300E}"
EndProject
Global
	GlobalSection(SolutionConfigurationPlatforms) = preSolution
		Debug|Any CPU = Debug|Any CPU
		Release|Any CPU = Release|Any CPU
	EndGlobalSection
	GlobalSection(ProjectConfigurationPlatforms) = postSolution
		{AC32A5E8-1C5E-4215-9F06-57EB0809977A}.Debug|Any CPU.ActiveCfg = Debug|Any CPU
		{AC32A5E8-1C5E-4215-9F06-57EB0809977A}.Debug|Any CPU.Build.0 = Debug|Any CPU
		{AC32A5E8-1C5E-4215-9F06-57EB0809977A}.Release|Any CPU.ActiveCfg = Release|Any CPU
		{AC32A5E8-1C5E-4215-9F06-57EB0809977A}.Release|Any CPU.Build.0 = Release|Any CPU
		{B0D9D595-665C-437E-AD95-66AF39739188}.Debug|Any CPU.ActiveCfg = Debug|Any CPU
		{B0D9D595-665C-437E-AD95-66AF39739188}.Debug|Any CPU.Build.0 = Debug|Any CPU
		{B0D9D595-665C-437E-AD95-66AF39739188}.Release|Any CPU.ActiveCfg = Release|Any CPU
		{B0D9D595-665C-437E-AD95-66AF39739188}.Release|Any CPU.Build.0 = Release|Any CPU
		{DB1DC5A7-D505-4904-B45E-E27192B94320}.Debug|Any CPU.ActiveCfg = Debug|Any CPU
		{DB1DC5A7-D505-4904-B45E-E27192B94320}.Debug|Any CPU.Build.0 = Debug|Any CPU
		{DB1DC5A7-D505-4904-B45E-E27192B94320}.Release|Any CPU.ActiveCfg = Release|Any CPU
		{DB1DC5A7-D505-4904-B45E-E27192B94320}.Release|Any CPU.Build.0 = Release|Any CPU
		{D6302307-2512-43DF-8B1E-68CD9A3ED9BB}.Debug|Any CPU.ActiveCfg = Debug|Any CPU
		{D6302307-2512-43DF-8B1E-68CD9A3ED9BB}.Debug|Any CPU.Build.0 = Debug|Any CPU
		{D6302307-2512-43DF-8B1E-68CD9A3ED9BB}.Release|Any CPU.ActiveCfg = Release|Any CPU
		{D6302307-2512-43DF-8B1E-68CD9A3ED9BB}.Release|Any CPU.Build.0 = Release|Any CPU
		{7901640E-5935-40C7-A110-C3C472A73059}.Debug|Any CPU.ActiveCfg = Debug|Any CPU
		{7901640E-5935-40C7-A110-C3C472A73059}.Debug|Any CPU.Build.0 = Debug|Any CPU
		{7901640E-5935-40C7-A110-C3C472A73059}.Release|Any CPU.ActiveCfg = Release|Any CPU
		{7901640E-5935-40C7-A110-C3C472A73059}.Release|Any CPU.Build.0 = Release|Any CPU
		{F5146234-CF92-4970-A13B-DE3E35EEFF72}.Debug|Any CPU.ActiveCfg = Debug|Any CPU
		{F5146234-CF92-4970-A13B-DE3E35EEFF72}.Debug|Any CPU.Build.0 = Debug|Any CPU
		{F5146234-CF92-4970-A13B-DE3E35EEFF72}.Release|Any CPU.ActiveCfg = Release|Any CPU
		{F5146234-CF92-4970-A13B-DE3E35EEFF72}.Release|Any CPU.Build.0 = Release|Any CPU
		{1ABE925A-2BEF-4E0D-8B08-33965698BE7C}.Debug|Any CPU.ActiveCfg = Debug|Any CPU
		{1ABE925A-2BEF-4E0D-8B08-33965698BE7C}.Debug|Any CPU.Build.0 = Debug|Any CPU
		{1ABE925A-2BEF-4E0D-8B08-33965698BE7C}.Release|Any CPU.ActiveCfg = Release|Any CPU
		{1ABE925A-2BEF-4E0D-8B08-33965698BE7C}.Release|Any CPU.Build.0 = Release|Any CPU
		{B030DD52-166D-4632-9E0B-913FAEE0300E}.Debug|Any CPU.ActiveCfg = Debug|Any CPU
		{B030DD52-166D-4632-9E0B-913FAEE0300E}.Debug|Any CPU.Build.0 = Debug|Any CPU
		{B030DD52-166D-4632-9E0B-913FAEE0300E}.Release|Any CPU.ActiveCfg = Release|Any CPU
		{B030DD52-166D-4632-9E0B-913FAEE0300E}.Release|Any CPU.Build.0 = Release|Any CPU
	EndGlobalSection
	GlobalSection(SolutionProperties) = preSolution
		HideSolutionNode = FALSE
	EndGlobalSection
EndGlobal
