
Microsoft Visual Studio Solution File, Format Version 12.00
# Visual Studio 14
VisualStudioVersion = 14.0.25420.1
MinimumVisualStudioVersion = 10.0.40219.1
Project("{FAE04EC0-301F-11D3-BF4B-00C04F79EFBC}") = "p01_Centuries to Minutes", "p01_Centuries to Minutes\p01_Centuries to Minutes.csproj", "{AD892665-0354-4C1A-91E6-9A29A1E65740}"
EndProject
Project("{FAE04EC0-301F-11D3-BF4B-00C04F79EFBC}") = "p09_refactorSpecialNumbers", "refactorSpecialNumbers\p09_refactorSpecialNumbers.csproj", "{C60F1452-7019-40AD-91E2-AFED18F1A32E}"
EndProject
Project("{FAE04EC0-301F-11D3-BF4B-00C04F79EFBC}") = "p03_Exact Sum of Real Numbers", "p03_Exact Sum of Real Numbers\p03_Exact Sum of Real Numbers.csproj", "{A2197084-E44C-4C5A-BFD2-4F455E1AF52D}"
EndProject
Project("{FAE04EC0-301F-11D3-BF4B-00C04F79EFBC}") = "p04_Elevator", "p04_Elevator\p04_Elevator.csproj", "{2187CF20-8C0B-40CB-AB15-7CAEF246562A}"
EndProject
Project("{FAE04EC0-301F-11D3-BF4B-00C04F79EFBC}") = "p07_Greating", "p07_Greating\p07_Greating.csproj", "{744585A7-5ADD-468C-858D-28F11681432A}"
EndProject
Project("{FAE04EC0-301F-11D3-BF4B-00C04F79EFBC}") = "p02_CircleArea", "p02_CircleArea\p02_CircleArea.csproj", "{40D5621A-E12F-4274-95CE-0912E89A461D}"
EndProject
Project("{FAE04EC0-301F-11D3-BF4B-00C04F79EFBC}") = "p05_SpecialNumbers", "p05_SpecialNumbers\p05_SpecialNumbers.csproj", "{2768AE3E-9E5A-4C5C-997B-8E86BE367067}"
EndProject
Project("{FAE04EC0-301F-11D3-BF4B-00C04F79EFBC}") = "p06_TripleOfLetters", "p06_TripleOfLetters\p06_TripleOfLetters.csproj", "{1A415A0E-36FB-42E9-B7EE-466EC55DAB80}"
EndProject
Project("{FAE04EC0-301F-11D3-BF4B-00C04F79EFBC}") = "p08_RefactorPiramidVolume", "p08_RefactorPiramidVolume\p08_RefactorPiramidVolume.csproj", "{A9A39B44-D5C7-40F6-9B52-A45D349CDAE2}"
EndProject
Global
	GlobalSection(SolutionConfigurationPlatforms) = preSolution
		Debug|Any CPU = Debug|Any CPU
		Release|Any CPU = Release|Any CPU
	EndGlobalSection
	GlobalSection(ProjectConfigurationPlatforms) = postSolution
		{AD892665-0354-4C1A-91E6-9A29A1E65740}.Debug|Any CPU.ActiveCfg = Debug|Any CPU
		{AD892665-0354-4C1A-91E6-9A29A1E65740}.Debug|Any CPU.Build.0 = Debug|Any CPU
		{AD892665-0354-4C1A-91E6-9A29A1E65740}.Release|Any CPU.ActiveCfg = Release|Any CPU
		{AD892665-0354-4C1A-91E6-9A29A1E65740}.Release|Any CPU.Build.0 = Release|Any CPU
		{C60F1452-7019-40AD-91E2-AFED18F1A32E}.Debug|Any CPU.ActiveCfg = Debug|Any CPU
		{C60F1452-7019-40AD-91E2-AFED18F1A32E}.Debug|Any CPU.Build.0 = Debug|Any CPU
		{C60F1452-7019-40AD-91E2-AFED18F1A32E}.Release|Any CPU.ActiveCfg = Release|Any CPU
		{C60F1452-7019-40AD-91E2-AFED18F1A32E}.Release|Any CPU.Build.0 = Release|Any CPU
		{A2197084-E44C-4C5A-BFD2-4F455E1AF52D}.Debug|Any CPU.ActiveCfg = Debug|Any CPU
		{A2197084-E44C-4C5A-BFD2-4F455E1AF52D}.Debug|Any CPU.Build.0 = Debug|Any CPU
		{A2197084-E44C-4C5A-BFD2-4F455E1AF52D}.Release|Any CPU.ActiveCfg = Release|Any CPU
		{A2197084-E44C-4C5A-BFD2-4F455E1AF52D}.Release|Any CPU.Build.0 = Release|Any CPU
		{2187CF20-8C0B-40CB-AB15-7CAEF246562A}.Debug|Any CPU.ActiveCfg = Debug|Any CPU
		{2187CF20-8C0B-40CB-AB15-7CAEF246562A}.Debug|Any CPU.Build.0 = Debug|Any CPU
		{2187CF20-8C0B-40CB-AB15-7CAEF246562A}.Release|Any CPU.ActiveCfg = Release|Any CPU
		{2187CF20-8C0B-40CB-AB15-7CAEF246562A}.Release|Any CPU.Build.0 = Release|Any CPU
		{744585A7-5ADD-468C-858D-28F11681432A}.Debug|Any CPU.ActiveCfg = Debug|Any CPU
		{744585A7-5ADD-468C-858D-28F11681432A}.Debug|Any CPU.Build.0 = Debug|Any CPU
		{744585A7-5ADD-468C-858D-28F11681432A}.Release|Any CPU.ActiveCfg = Release|Any CPU
		{744585A7-5ADD-468C-858D-28F11681432A}.Release|Any CPU.Build.0 = Release|Any CPU
		{40D5621A-E12F-4274-95CE-0912E89A461D}.Debug|Any CPU.ActiveCfg = Debug|Any CPU
		{40D5621A-E12F-4274-95CE-0912E89A461D}.Debug|Any CPU.Build.0 = Debug|Any CPU
		{40D5621A-E12F-4274-95CE-0912E89A461D}.Release|Any CPU.ActiveCfg = Release|Any CPU
		{40D5621A-E12F-4274-95CE-0912E89A461D}.Release|Any CPU.Build.0 = Release|Any CPU
		{2768AE3E-9E5A-4C5C-997B-8E86BE367067}.Debug|Any CPU.ActiveCfg = Debug|Any CPU
		{2768AE3E-9E5A-4C5C-997B-8E86BE367067}.Debug|Any CPU.Build.0 = Debug|Any CPU
		{2768AE3E-9E5A-4C5C-997B-8E86BE367067}.Release|Any CPU.ActiveCfg = Release|Any CPU
		{2768AE3E-9E5A-4C5C-997B-8E86BE367067}.Release|Any CPU.Build.0 = Release|Any CPU
		{1A415A0E-36FB-42E9-B7EE-466EC55DAB80}.Debug|Any CPU.ActiveCfg = Debug|Any CPU
		{1A415A0E-36FB-42E9-B7EE-466EC55DAB80}.Debug|Any CPU.Build.0 = Debug|Any CPU
		{1A415A0E-36FB-42E9-B7EE-466EC55DAB80}.Release|Any CPU.ActiveCfg = Release|Any CPU
		{1A415A0E-36FB-42E9-B7EE-466EC55DAB80}.Release|Any CPU.Build.0 = Release|Any CPU
		{A9A39B44-D5C7-40F6-9B52-A45D349CDAE2}.Debug|Any CPU.ActiveCfg = Debug|Any CPU
		{A9A39B44-D5C7-40F6-9B52-A45D349CDAE2}.Debug|Any CPU.Build.0 = Debug|Any CPU
		{A9A39B44-D5C7-40F6-9B52-A45D349CDAE2}.Release|Any CPU.ActiveCfg = Release|Any CPU
		{A9A39B44-D5C7-40F6-9B52-A45D349CDAE2}.Release|Any CPU.Build.0 = Release|Any CPU
	EndGlobalSection
	GlobalSection(SolutionProperties) = preSolution
		HideSolutionNode = FALSE
	EndGlobalSection
EndGlobal
