
Microsoft Visual Studio Solution File, Format Version 12.00
# Visual Studio 14
VisualStudioVersion = 14.0.25420.1
MinimumVisualStudioVersion = 10.0.40219.1
Project("{FAE04EC0-301F-11D3-BF4B-00C04F79EFBC}") = "p01_Centuries to Minutes", "p01_Centuries to Minutes\p01_Centuries to Minutes.csproj", "{AD892665-0354-4C1A-91E6-9A29A1E65740}"
EndProject
Project("{FAE04EC0-301F-11D3-BF4B-00C04F79EFBC}") = "p08_RefactorVolumePiramid", "p00_Demo\p08_RefactorVolumePiramid.csproj", "{244886F1-8180-4227-82F1-736F1A3C7EAD}"
EndProject
Project("{FAE04EC0-301F-11D3-BF4B-00C04F79EFBC}") = "p09_refactorSpecialNumbers", "refactorSpecialNumbers\p09_refactorSpecialNumbers.csproj", "{C60F1452-7019-40AD-91E2-AFED18F1A32E}"
EndProject
Project("{FAE04EC0-301F-11D3-BF4B-00C04F79EFBC}") = "p02_Circle Area", "p02_Circle Area\p02_Circle Area.csproj", "{9858DE8E-9249-4227-80C2-9D181760A19F}"
EndProject
Project("{FAE04EC0-301F-11D3-BF4B-00C04F79EFBC}") = "p03_Exact Sum of Real Numbers", "p03_Exact Sum of Real Numbers\p03_Exact Sum of Real Numbers.csproj", "{A2197084-E44C-4C5A-BFD2-4F455E1AF52D}"
EndProject
Project("{FAE04EC0-301F-11D3-BF4B-00C04F79EFBC}") = "p04_Elevator", "p04_Elevator\p04_Elevator.csproj", "{2187CF20-8C0B-40CB-AB15-7CAEF246562A}"
EndProject
Project("{FAE04EC0-301F-11D3-BF4B-00C04F79EFBC}") = "p07_Greating", "p07_Greating\p07_Greating.csproj", "{744585A7-5ADD-468C-858D-28F11681432A}"
EndProject
Global
	GlobalSection(SolutionConfigurationPlatforms) = preSolution
		Debug|Any CPU = Debug|Any CPU
		Release|Any CPU = Release|Any CPU
	EndGlobalSection
	GlobalSection(ProjectConfigurationPlatforms) = postSolution
		{AD892665-0354-4C1A-91E6-9A29A1E65740}.Debug|Any CPU.ActiveCfg = Debug|Any CPU
		{AD892665-0354-4C1A-91E6-9A29A1E65740}.Debug|Any CPU.Build.0 = Debug|Any CPU
		{AD892665-0354-4C1A-91E6-9A29A1E65740}.Release|Any CPU.ActiveCfg = Release|Any CPU
		{AD892665-0354-4C1A-91E6-9A29A1E65740}.Release|Any CPU.Build.0 = Release|Any CPU
		{244886F1-8180-4227-82F1-736F1A3C7EAD}.Debug|Any CPU.ActiveCfg = Debug|Any CPU
		{244886F1-8180-4227-82F1-736F1A3C7EAD}.Debug|Any CPU.Build.0 = Debug|Any CPU
		{244886F1-8180-4227-82F1-736F1A3C7EAD}.Release|Any CPU.ActiveCfg = Release|Any CPU
		{244886F1-8180-4227-82F1-736F1A3C7EAD}.Release|Any CPU.Build.0 = Release|Any CPU
		{C60F1452-7019-40AD-91E2-AFED18F1A32E}.Debug|Any CPU.ActiveCfg = Debug|Any CPU
		{C60F1452-7019-40AD-91E2-AFED18F1A32E}.Debug|Any CPU.Build.0 = Debug|Any CPU
		{C60F1452-7019-40AD-91E2-AFED18F1A32E}.Release|Any CPU.ActiveCfg = Release|Any CPU
		{C60F1452-7019-40AD-91E2-AFED18F1A32E}.Release|Any CPU.Build.0 = Release|Any CPU
		{9858DE8E-9249-4227-80C2-9D181760A19F}.Debug|Any CPU.ActiveCfg = Debug|Any CPU
		{9858DE8E-9249-4227-80C2-9D181760A19F}.Debug|Any CPU.Build.0 = Debug|Any CPU
		{9858DE8E-9249-4227-80C2-9D181760A19F}.Release|Any CPU.ActiveCfg = Release|Any CPU
		{9858DE8E-9249-4227-80C2-9D181760A19F}.Release|Any CPU.Build.0 = Release|Any CPU
		{A2197084-E44C-4C5A-BFD2-4F455E1AF52D}.Debug|Any CPU.ActiveCfg = Debug|Any CPU
		{A2197084-E44C-4C5A-BFD2-4F455E1AF52D}.Debug|Any CPU.Build.0 = Debug|Any CPU
		{A2197084-E44C-4C5A-BFD2-4F455E1AF52D}.Release|Any CPU.ActiveCfg = Release|Any CPU
		{A2197084-E44C-4C5A-BFD2-4F455E1AF52D}.Release|Any CPU.Build.0 = Release|Any CPU
		{2187CF20-8C0B-40CB-AB15-7CAEF246562A}.Debug|Any CPU.ActiveCfg = Debug|Any CPU
		{2187CF20-8C0B-40CB-AB15-7CAEF246562A}.Debug|Any CPU.Build.0 = Debug|Any CPU
		{2187CF20-8C0B-40CB-AB15-7CAEF246562A}.Release|Any CPU.ActiveCfg = Release|Any CPU
		{2187CF20-8C0B-40CB-AB15-7CAEF246562A}.Release|Any CPU.Build.0 = Release|Any CPU
		{744585A7-5ADD-468C-858D-28F11681432A}.Debug|Any CPU.ActiveCfg = Debug|Any CPU
		{744585A7-5ADD-468C-858D-28F11681432A}.Debug|Any CPU.Build.0 = Debug|Any CPU
		{744585A7-5ADD-468C-858D-28F11681432A}.Release|Any CPU.ActiveCfg = Release|Any CPU
		{744585A7-5ADD-468C-858D-28F11681432A}.Release|Any CPU.Build.0 = Release|Any CPU
	EndGlobalSection
	GlobalSection(SolutionProperties) = preSolution
		HideSolutionNode = FALSE
	EndGlobalSection
EndGlobal
