
Microsoft Visual Studio Solution File, Format Version 12.00
# Visual Studio 14
VisualStudioVersion = 14.0.25420.1
MinimumVisualStudioVersion = 10.0.40219.1
Project("{FAE04EC0-301F-11D3-BF4B-00C04F79EFBC}") = "p01_HelloName", "p01_HelloName\p01_HelloName.csproj", "{68C8D48F-4889-446C-B610-A772EE5913FF}"
EndProject
Project("{FAE04EC0-301F-11D3-BF4B-00C04F79EFBC}") = "p02_MaxMethod", "p02_MaxMethod\p02_MaxMethod.csproj", "{35808BFD-569F-497C-85E9-05B01D71DB56}"
EndProject
Project("{FAE04EC0-301F-11D3-BF4B-00C04F79EFBC}") = "p03_EnglishNameLastDigit", "p03_EnglishNameLastDigit\p03_EnglishNameLastDigit.csproj", "{F53FBC55-2FE5-42E8-B370-6760DDD54021}"
EndProject
Project("{FAE04EC0-301F-11D3-BF4B-00C04F79EFBC}") = "p04_NumbersReversedOrder", "p04_NumbersReversedOrder\p04_NumbersReversedOrder.csproj", "{B7AE3EF9-1157-4A7D-8694-B6554D8D553C}"
EndProject
Project("{FAE04EC0-301F-11D3-BF4B-00C04F79EFBC}") = "p05_FibonachiNumbers", "p05_FibonachiNumbers\p05_FibonachiNumbers.csproj", "{D6C6CFBE-87DC-4C15-9A07-EA3072CA2868}"
EndProject
Project("{FAE04EC0-301F-11D3-BF4B-00C04F79EFBC}") = "p06_PrimeChecker", "p06_PrimeChecker\p06_PrimeChecker.csproj", "{BFC537F8-E98F-4B0B-9B0F-C0D6BE806E6D}"
EndProject
Project("{FAE04EC0-301F-11D3-BF4B-00C04F79EFBC}") = "p07_PrimesGivenRange", "p07_PrimesGivenRange\p07_PrimesGivenRange.csproj", "{D05E0752-1531-4505-A7DF-E9FF358F52E1}"
EndProject
Project("{FAE04EC0-301F-11D3-BF4B-00C04F79EFBC}") = "p08_CenterPoint", "p08_CenterPoint\p08_CenterPoint.csproj", "{BAE590EE-0E16-4EA7-A6BA-BB203DBA5E1C}"
EndProject
Project("{FAE04EC0-301F-11D3-BF4B-00C04F79EFBC}") = "p09_LongerLine", "p09_LongerLine\p09_LongerLine.csproj", "{47836E62-2DCC-48D7-8D8A-C18ECBCE2F01}"
EndProject
Project("{FAE04EC0-301F-11D3-BF4B-00C04F79EFBC}") = "p10_CubeProperties", "p10_CubeProperties\p10_CubeProperties.csproj", "{C723092A-C7D1-47F1-BCDA-A638D6CE3E32}"
EndProject
Project("{FAE04EC0-301F-11D3-BF4B-00C04F79EFBC}") = "p11_GeometryCalculator", "p11_GeometryCalculator\p11_GeometryCalculator.csproj", "{9491B86D-6CA2-4610-8923-C2109CDA977B}"
EndProject
Project("{FAE04EC0-301F-11D3-BF4B-00C04F79EFBC}") = "p12_MasterNumber", "p12_MasterNumber\p12_MasterNumber.csproj", "{3A66ED2D-1F81-4E08-BA61-3B59C7B8A5D9}"
EndProject
Project("{FAE04EC0-301F-11D3-BF4B-00C04F79EFBC}") = "p13_Factorial", "p13_Factorial\p13_Factorial.csproj", "{0A748A0B-736A-4806-A627-E634965655A6}"
EndProject
Project("{FAE04EC0-301F-11D3-BF4B-00C04F79EFBC}") = "p00_Palindrome", "p00_Palindrome\p00_Palindrome.csproj", "{54155301-B731-4908-BBD6-CFE2B0CBD258}"
EndProject
Project("{FAE04EC0-301F-11D3-BF4B-00C04F79EFBC}") = "p14_FactorialTrailingZeroes", "p14_FactorialTrailingZeroes\p14_FactorialTrailingZeroes.csproj", "{B523B0CE-85A3-4A68-9BAC-ADE94E621127}"
EndProject
Project("{FAE04EC0-301F-11D3-BF4B-00C04F79EFBC}") = "p15_DebuggingExerciseSubstring", "p15_DebuggingExerciseSubstring\p15_DebuggingExerciseSubstring.csproj", "{032DBB8F-08A4-429F-B746-859AE867AF04}"
EndProject
Project("{FAE04EC0-301F-11D3-BF4B-00C04F79EFBC}") = "p16_InstructionSet", "p16_InstructionSet\p16_InstructionSet.csproj", "{425E4419-3C90-4B95-98E0-FB1578052D62}"
EndProject
Project("{FAE04EC0-301F-11D3-BF4B-00C04F79EFBC}") = "p17_BePositive", "p17_BePositive\p17_BePositive.csproj", "{92EEB3AA-9547-4F56-8E60-C55626E21565}"
EndProject
Project("{FAE04EC0-301F-11D3-BF4B-00C04F79EFBC}") = "p18_SequencCommands", "p18_SequencCommands\p18_SequencCommands.csproj", "{2E0FBDFC-F105-4A3E-99FB-E6DE47698E4F}"
EndProject
Global
	GlobalSection(SolutionConfigurationPlatforms) = preSolution
		Debug|Any CPU = Debug|Any CPU
		Release|Any CPU = Release|Any CPU
	EndGlobalSection
	GlobalSection(ProjectConfigurationPlatforms) = postSolution
		{68C8D48F-4889-446C-B610-A772EE5913FF}.Debug|Any CPU.ActiveCfg = Debug|Any CPU
		{68C8D48F-4889-446C-B610-A772EE5913FF}.Debug|Any CPU.Build.0 = Debug|Any CPU
		{68C8D48F-4889-446C-B610-A772EE5913FF}.Release|Any CPU.ActiveCfg = Release|Any CPU
		{68C8D48F-4889-446C-B610-A772EE5913FF}.Release|Any CPU.Build.0 = Release|Any CPU
		{35808BFD-569F-497C-85E9-05B01D71DB56}.Debug|Any CPU.ActiveCfg = Debug|Any CPU
		{35808BFD-569F-497C-85E9-05B01D71DB56}.Debug|Any CPU.Build.0 = Debug|Any CPU
		{35808BFD-569F-497C-85E9-05B01D71DB56}.Release|Any CPU.ActiveCfg = Release|Any CPU
		{35808BFD-569F-497C-85E9-05B01D71DB56}.Release|Any CPU.Build.0 = Release|Any CPU
		{F53FBC55-2FE5-42E8-B370-6760DDD54021}.Debug|Any CPU.ActiveCfg = Debug|Any CPU
		{F53FBC55-2FE5-42E8-B370-6760DDD54021}.Debug|Any CPU.Build.0 = Debug|Any CPU
		{F53FBC55-2FE5-42E8-B370-6760DDD54021}.Release|Any CPU.ActiveCfg = Release|Any CPU
		{F53FBC55-2FE5-42E8-B370-6760DDD54021}.Release|Any CPU.Build.0 = Release|Any CPU
		{B7AE3EF9-1157-4A7D-8694-B6554D8D553C}.Debug|Any CPU.ActiveCfg = Debug|Any CPU
		{B7AE3EF9-1157-4A7D-8694-B6554D8D553C}.Debug|Any CPU.Build.0 = Debug|Any CPU
		{B7AE3EF9-1157-4A7D-8694-B6554D8D553C}.Release|Any CPU.ActiveCfg = Release|Any CPU
		{B7AE3EF9-1157-4A7D-8694-B6554D8D553C}.Release|Any CPU.Build.0 = Release|Any CPU
		{D6C6CFBE-87DC-4C15-9A07-EA3072CA2868}.Debug|Any CPU.ActiveCfg = Debug|Any CPU
		{D6C6CFBE-87DC-4C15-9A07-EA3072CA2868}.Debug|Any CPU.Build.0 = Debug|Any CPU
		{D6C6CFBE-87DC-4C15-9A07-EA3072CA2868}.Release|Any CPU.ActiveCfg = Release|Any CPU
		{D6C6CFBE-87DC-4C15-9A07-EA3072CA2868}.Release|Any CPU.Build.0 = Release|Any CPU
		{BFC537F8-E98F-4B0B-9B0F-C0D6BE806E6D}.Debug|Any CPU.ActiveCfg = Debug|Any CPU
		{BFC537F8-E98F-4B0B-9B0F-C0D6BE806E6D}.Debug|Any CPU.Build.0 = Debug|Any CPU
		{BFC537F8-E98F-4B0B-9B0F-C0D6BE806E6D}.Release|Any CPU.ActiveCfg = Release|Any CPU
		{BFC537F8-E98F-4B0B-9B0F-C0D6BE806E6D}.Release|Any CPU.Build.0 = Release|Any CPU
		{D05E0752-1531-4505-A7DF-E9FF358F52E1}.Debug|Any CPU.ActiveCfg = Debug|Any CPU
		{D05E0752-1531-4505-A7DF-E9FF358F52E1}.Debug|Any CPU.Build.0 = Debug|Any CPU
		{D05E0752-1531-4505-A7DF-E9FF358F52E1}.Release|Any CPU.ActiveCfg = Release|Any CPU
		{D05E0752-1531-4505-A7DF-E9FF358F52E1}.Release|Any CPU.Build.0 = Release|Any CPU
		{BAE590EE-0E16-4EA7-A6BA-BB203DBA5E1C}.Debug|Any CPU.ActiveCfg = Debug|Any CPU
		{BAE590EE-0E16-4EA7-A6BA-BB203DBA5E1C}.Debug|Any CPU.Build.0 = Debug|Any CPU
		{BAE590EE-0E16-4EA7-A6BA-BB203DBA5E1C}.Release|Any CPU.ActiveCfg = Release|Any CPU
		{BAE590EE-0E16-4EA7-A6BA-BB203DBA5E1C}.Release|Any CPU.Build.0 = Release|Any CPU
		{47836E62-2DCC-48D7-8D8A-C18ECBCE2F01}.Debug|Any CPU.ActiveCfg = Debug|Any CPU
		{47836E62-2DCC-48D7-8D8A-C18ECBCE2F01}.Debug|Any CPU.Build.0 = Debug|Any CPU
		{47836E62-2DCC-48D7-8D8A-C18ECBCE2F01}.Release|Any CPU.ActiveCfg = Release|Any CPU
		{47836E62-2DCC-48D7-8D8A-C18ECBCE2F01}.Release|Any CPU.Build.0 = Release|Any CPU
		{C723092A-C7D1-47F1-BCDA-A638D6CE3E32}.Debug|Any CPU.ActiveCfg = Debug|Any CPU
		{C723092A-C7D1-47F1-BCDA-A638D6CE3E32}.Debug|Any CPU.Build.0 = Debug|Any CPU
		{C723092A-C7D1-47F1-BCDA-A638D6CE3E32}.Release|Any CPU.ActiveCfg = Release|Any CPU
		{C723092A-C7D1-47F1-BCDA-A638D6CE3E32}.Release|Any CPU.Build.0 = Release|Any CPU
		{9491B86D-6CA2-4610-8923-C2109CDA977B}.Debug|Any CPU.ActiveCfg = Debug|Any CPU
		{9491B86D-6CA2-4610-8923-C2109CDA977B}.Debug|Any CPU.Build.0 = Debug|Any CPU
		{9491B86D-6CA2-4610-8923-C2109CDA977B}.Release|Any CPU.ActiveCfg = Release|Any CPU
		{9491B86D-6CA2-4610-8923-C2109CDA977B}.Release|Any CPU.Build.0 = Release|Any CPU
		{3A66ED2D-1F81-4E08-BA61-3B59C7B8A5D9}.Debug|Any CPU.ActiveCfg = Debug|Any CPU
		{3A66ED2D-1F81-4E08-BA61-3B59C7B8A5D9}.Debug|Any CPU.Build.0 = Debug|Any CPU
		{3A66ED2D-1F81-4E08-BA61-3B59C7B8A5D9}.Release|Any CPU.ActiveCfg = Release|Any CPU
		{3A66ED2D-1F81-4E08-BA61-3B59C7B8A5D9}.Release|Any CPU.Build.0 = Release|Any CPU
		{0A748A0B-736A-4806-A627-E634965655A6}.Debug|Any CPU.ActiveCfg = Debug|Any CPU
		{0A748A0B-736A-4806-A627-E634965655A6}.Debug|Any CPU.Build.0 = Debug|Any CPU
		{0A748A0B-736A-4806-A627-E634965655A6}.Release|Any CPU.ActiveCfg = Release|Any CPU
		{0A748A0B-736A-4806-A627-E634965655A6}.Release|Any CPU.Build.0 = Release|Any CPU
		{54155301-B731-4908-BBD6-CFE2B0CBD258}.Debug|Any CPU.ActiveCfg = Debug|Any CPU
		{54155301-B731-4908-BBD6-CFE2B0CBD258}.Debug|Any CPU.Build.0 = Debug|Any CPU
		{54155301-B731-4908-BBD6-CFE2B0CBD258}.Release|Any CPU.ActiveCfg = Release|Any CPU
		{54155301-B731-4908-BBD6-CFE2B0CBD258}.Release|Any CPU.Build.0 = Release|Any CPU
		{B523B0CE-85A3-4A68-9BAC-ADE94E621127}.Debug|Any CPU.ActiveCfg = Debug|Any CPU
		{B523B0CE-85A3-4A68-9BAC-ADE94E621127}.Debug|Any CPU.Build.0 = Debug|Any CPU
		{B523B0CE-85A3-4A68-9BAC-ADE94E621127}.Release|Any CPU.ActiveCfg = Release|Any CPU
		{B523B0CE-85A3-4A68-9BAC-ADE94E621127}.Release|Any CPU.Build.0 = Release|Any CPU
		{032DBB8F-08A4-429F-B746-859AE867AF04}.Debug|Any CPU.ActiveCfg = Debug|Any CPU
		{032DBB8F-08A4-429F-B746-859AE867AF04}.Debug|Any CPU.Build.0 = Debug|Any CPU
		{032DBB8F-08A4-429F-B746-859AE867AF04}.Release|Any CPU.ActiveCfg = Release|Any CPU
		{032DBB8F-08A4-429F-B746-859AE867AF04}.Release|Any CPU.Build.0 = Release|Any CPU
		{425E4419-3C90-4B95-98E0-FB1578052D62}.Debug|Any CPU.ActiveCfg = Debug|Any CPU
		{425E4419-3C90-4B95-98E0-FB1578052D62}.Debug|Any CPU.Build.0 = Debug|Any CPU
		{425E4419-3C90-4B95-98E0-FB1578052D62}.Release|Any CPU.ActiveCfg = Release|Any CPU
		{425E4419-3C90-4B95-98E0-FB1578052D62}.Release|Any CPU.Build.0 = Release|Any CPU
		{92EEB3AA-9547-4F56-8E60-C55626E21565}.Debug|Any CPU.ActiveCfg = Debug|Any CPU
		{92EEB3AA-9547-4F56-8E60-C55626E21565}.Debug|Any CPU.Build.0 = Debug|Any CPU
		{92EEB3AA-9547-4F56-8E60-C55626E21565}.Release|Any CPU.ActiveCfg = Release|Any CPU
		{92EEB3AA-9547-4F56-8E60-C55626E21565}.Release|Any CPU.Build.0 = Release|Any CPU
		{2E0FBDFC-F105-4A3E-99FB-E6DE47698E4F}.Debug|Any CPU.ActiveCfg = Debug|Any CPU
		{2E0FBDFC-F105-4A3E-99FB-E6DE47698E4F}.Debug|Any CPU.Build.0 = Debug|Any CPU
		{2E0FBDFC-F105-4A3E-99FB-E6DE47698E4F}.Release|Any CPU.ActiveCfg = Release|Any CPU
		{2E0FBDFC-F105-4A3E-99FB-E6DE47698E4F}.Release|Any CPU.Build.0 = Release|Any CPU
	EndGlobalSection
	GlobalSection(SolutionProperties) = preSolution
		HideSolutionNode = FALSE
	EndGlobalSection
EndGlobal
