
Microsoft Visual Studio Solution File, Format Version 12.00
# Visual Studio 14
VisualStudioVersion = 14.0.25420.1
MinimumVisualStudioVersion = 10.0.40219.1
Project("{FAE04EC0-301F-11D3-BF4B-00C04F79EFBC}") = "p01_SoftuniCoffeeOrders", "p01_SoftuniCoffeeOrders\p01_SoftuniCoffeeOrders.csproj", "{EDFA90DA-665B-4A63-8DE7-1124B08CAC76}"
EndProject
Project("{FAE04EC0-301F-11D3-BF4B-00C04F79EFBC}") = "p02_CommandInputer", "p02_CommandInputer\p02_CommandInputer.csproj", "{56FC5B91-8AFE-4B8C-A0FA-87440EDC955E}"
EndProject
Project("{FAE04EC0-301F-11D3-BF4B-00C04F79EFBC}") = "p03_RageQuit", "p03_RageQuit\p03_RageQuit.csproj", "{CF04FA0A-092D-405D-AF73-981B72EA1450}"
EndProject
Project("{FAE04EC0-301F-11D3-BF4B-00C04F79EFBC}") = "p04_Files", "p04_Files\p04_Files.csproj", "{E828FD00-6752-4A69-BB2F-2B4FA7925119}"
EndProject
Project("{FAE04EC0-301F-11D3-BF4B-00C04F79EFBC}") = "p04_filesNew", "p04_filesNew\p04_filesNew.csproj", "{55BF59BA-5133-4F7E-B8BF-0CF4F84ED213}"
EndProject
Project("{FAE04EC0-301F-11D3-BF4B-00C04F79EFBC}") = "p04_FilesOK", "p04_FilesOK\p04_FilesOK.csproj", "{1EB9CE2D-978A-46F9-A009-BD44EDC81694}"
EndProject
Project("{FAE04EC0-301F-11D3-BF4B-00C04F79EFBC}") = "p02_CommandInputerOK", "p02_CommandInputerOK\p02_CommandInputerOK.csproj", "{BDE9E8AF-5CCE-4777-BAC2-CEB0B2702F46}"
EndProject
Global
	GlobalSection(SolutionConfigurationPlatforms) = preSolution
		Debug|Any CPU = Debug|Any CPU
		Release|Any CPU = Release|Any CPU
	EndGlobalSection
	GlobalSection(ProjectConfigurationPlatforms) = postSolution
		{EDFA90DA-665B-4A63-8DE7-1124B08CAC76}.Debug|Any CPU.ActiveCfg = Debug|Any CPU
		{EDFA90DA-665B-4A63-8DE7-1124B08CAC76}.Debug|Any CPU.Build.0 = Debug|Any CPU
		{EDFA90DA-665B-4A63-8DE7-1124B08CAC76}.Release|Any CPU.ActiveCfg = Release|Any CPU
		{EDFA90DA-665B-4A63-8DE7-1124B08CAC76}.Release|Any CPU.Build.0 = Release|Any CPU
		{56FC5B91-8AFE-4B8C-A0FA-87440EDC955E}.Debug|Any CPU.ActiveCfg = Debug|Any CPU
		{56FC5B91-8AFE-4B8C-A0FA-87440EDC955E}.Debug|Any CPU.Build.0 = Debug|Any CPU
		{56FC5B91-8AFE-4B8C-A0FA-87440EDC955E}.Release|Any CPU.ActiveCfg = Release|Any CPU
		{56FC5B91-8AFE-4B8C-A0FA-87440EDC955E}.Release|Any CPU.Build.0 = Release|Any CPU
		{CF04FA0A-092D-405D-AF73-981B72EA1450}.Debug|Any CPU.ActiveCfg = Debug|Any CPU
		{CF04FA0A-092D-405D-AF73-981B72EA1450}.Debug|Any CPU.Build.0 = Debug|Any CPU
		{CF04FA0A-092D-405D-AF73-981B72EA1450}.Release|Any CPU.ActiveCfg = Release|Any CPU
		{CF04FA0A-092D-405D-AF73-981B72EA1450}.Release|Any CPU.Build.0 = Release|Any CPU
		{E828FD00-6752-4A69-BB2F-2B4FA7925119}.Debug|Any CPU.ActiveCfg = Debug|Any CPU
		{E828FD00-6752-4A69-BB2F-2B4FA7925119}.Debug|Any CPU.Build.0 = Debug|Any CPU
		{E828FD00-6752-4A69-BB2F-2B4FA7925119}.Release|Any CPU.ActiveCfg = Release|Any CPU
		{E828FD00-6752-4A69-BB2F-2B4FA7925119}.Release|Any CPU.Build.0 = Release|Any CPU
		{55BF59BA-5133-4F7E-B8BF-0CF4F84ED213}.Debug|Any CPU.ActiveCfg = Debug|Any CPU
		{55BF59BA-5133-4F7E-B8BF-0CF4F84ED213}.Debug|Any CPU.Build.0 = Debug|Any CPU
		{55BF59BA-5133-4F7E-B8BF-0CF4F84ED213}.Release|Any CPU.ActiveCfg = Release|Any CPU
		{55BF59BA-5133-4F7E-B8BF-0CF4F84ED213}.Release|Any CPU.Build.0 = Release|Any CPU
		{1EB9CE2D-978A-46F9-A009-BD44EDC81694}.Debug|Any CPU.ActiveCfg = Debug|Any CPU
		{1EB9CE2D-978A-46F9-A009-BD44EDC81694}.Debug|Any CPU.Build.0 = Debug|Any CPU
		{1EB9CE2D-978A-46F9-A009-BD44EDC81694}.Release|Any CPU.ActiveCfg = Release|Any CPU
		{1EB9CE2D-978A-46F9-A009-BD44EDC81694}.Release|Any CPU.Build.0 = Release|Any CPU
		{BDE9E8AF-5CCE-4777-BAC2-CEB0B2702F46}.Debug|Any CPU.ActiveCfg = Debug|Any CPU
		{BDE9E8AF-5CCE-4777-BAC2-CEB0B2702F46}.Debug|Any CPU.Build.0 = Debug|Any CPU
		{BDE9E8AF-5CCE-4777-BAC2-CEB0B2702F46}.Release|Any CPU.ActiveCfg = Release|Any CPU
		{BDE9E8AF-5CCE-4777-BAC2-CEB0B2702F46}.Release|Any CPU.Build.0 = Release|Any CPU
	EndGlobalSection
	GlobalSection(SolutionProperties) = preSolution
		HideSolutionNode = FALSE
	EndGlobalSection
EndGlobal
