
Microsoft Visual Studio Solution File, Format Version 12.00
# Visual Studio 14
VisualStudioVersion = 14.0.25420.1
MinimumVisualStudioVersion = 10.0.40219.1
Project("{FAE04EC0-301F-11D3-BF4B-00C04F79EFBC}") = "p01_SoftUniCoffeeOrders", "p01_SoftUniCoffeeOrders\p01_SoftUniCoffeeOrders.csproj", "{12E7558E-F138-4B4D-AE5D-4D7C99BFD054}"
EndProject
Project("{FAE04EC0-301F-11D3-BF4B-00C04F79EFBC}") = "p02_CommandInputer", "p02_CommandInputer\p02_CommandInputer.csproj", "{8DCD4F17-8630-402E-890D-40B07B2DA943}"
EndProject
Project("{FAE04EC0-301F-11D3-BF4B-00C04F79EFBC}") = "p03_RageQuit", "p03_RageQuit\p03_RageQuit.csproj", "{0BA8627C-A274-47A1-A73F-104F496A5BD1}"
EndProject
Project("{FAE04EC0-301F-11D3-BF4B-00C04F79EFBC}") = "p04_Files", "p04_Files\p04_Files.csproj", "{86FD83F3-8CAD-484A-B08B-0349C66F777D}"
EndProject
Project("{FAE04EC0-301F-11D3-BF4B-00C04F79EFBC}") = "p04_FilesBest", "p04_FilesBest\p04_FilesBest.csproj", "{27D6CF24-022B-499B-AF1F-577E914D5B9D}"
EndProject
Global
	GlobalSection(SolutionConfigurationPlatforms) = preSolution
		Debug|Any CPU = Debug|Any CPU
		Release|Any CPU = Release|Any CPU
	EndGlobalSection
	GlobalSection(ProjectConfigurationPlatforms) = postSolution
		{12E7558E-F138-4B4D-AE5D-4D7C99BFD054}.Debug|Any CPU.ActiveCfg = Debug|Any CPU
		{12E7558E-F138-4B4D-AE5D-4D7C99BFD054}.Debug|Any CPU.Build.0 = Debug|Any CPU
		{12E7558E-F138-4B4D-AE5D-4D7C99BFD054}.Release|Any CPU.ActiveCfg = Release|Any CPU
		{12E7558E-F138-4B4D-AE5D-4D7C99BFD054}.Release|Any CPU.Build.0 = Release|Any CPU
		{8DCD4F17-8630-402E-890D-40B07B2DA943}.Debug|Any CPU.ActiveCfg = Debug|Any CPU
		{8DCD4F17-8630-402E-890D-40B07B2DA943}.Debug|Any CPU.Build.0 = Debug|Any CPU
		{8DCD4F17-8630-402E-890D-40B07B2DA943}.Release|Any CPU.ActiveCfg = Release|Any CPU
		{8DCD4F17-8630-402E-890D-40B07B2DA943}.Release|Any CPU.Build.0 = Release|Any CPU
		{0BA8627C-A274-47A1-A73F-104F496A5BD1}.Debug|Any CPU.ActiveCfg = Debug|Any CPU
		{0BA8627C-A274-47A1-A73F-104F496A5BD1}.Debug|Any CPU.Build.0 = Debug|Any CPU
		{0BA8627C-A274-47A1-A73F-104F496A5BD1}.Release|Any CPU.ActiveCfg = Release|Any CPU
		{0BA8627C-A274-47A1-A73F-104F496A5BD1}.Release|Any CPU.Build.0 = Release|Any CPU
		{86FD83F3-8CAD-484A-B08B-0349C66F777D}.Debug|Any CPU.ActiveCfg = Debug|Any CPU
		{86FD83F3-8CAD-484A-B08B-0349C66F777D}.Debug|Any CPU.Build.0 = Debug|Any CPU
		{86FD83F3-8CAD-484A-B08B-0349C66F777D}.Release|Any CPU.ActiveCfg = Release|Any CPU
		{86FD83F3-8CAD-484A-B08B-0349C66F777D}.Release|Any CPU.Build.0 = Release|Any CPU
		{27D6CF24-022B-499B-AF1F-577E914D5B9D}.Debug|Any CPU.ActiveCfg = Debug|Any CPU
		{27D6CF24-022B-499B-AF1F-577E914D5B9D}.Debug|Any CPU.Build.0 = Debug|Any CPU
		{27D6CF24-022B-499B-AF1F-577E914D5B9D}.Release|Any CPU.ActiveCfg = Release|Any CPU
		{27D6CF24-022B-499B-AF1F-577E914D5B9D}.Release|Any CPU.Build.0 = Release|Any CPU
	EndGlobalSection
	GlobalSection(SolutionProperties) = preSolution
		HideSolutionNode = FALSE
	EndGlobalSection
EndGlobal
