
Microsoft Visual Studio Solution File, Format Version 12.00
# Visual Studio 14
VisualStudioVersion = 14.0.25420.1
MinimumVisualStudioVersion = 10.0.40219.1
Project("{FAE04EC0-301F-11D3-BF4B-00C04F79EFBC}") = "p01_Numbers", "p01_Numbers\p01_Numbers.csproj", "{F7D4CCFB-F66C-4406-B803-EB9E83CE6476}"
EndProject
Project("{FAE04EC0-301F-11D3-BF4B-00C04F79EFBC}") = "p02_TrophonTheGrumpyCat", "p02_TrophonTheGrumpyCat\p02_TrophonTheGrumpyCat.csproj", "{08E2F5C6-5D1D-4660-A8B6-C39A1ABA5E6D}"
EndProject
Project("{FAE04EC0-301F-11D3-BF4B-00C04F79EFBC}") = "p04_TrifonSQuest", "p04_TrifonSQuest\p04_TrifonSQuest.csproj", "{6445F458-B00E-4D0E-8CC4-42CE362055EC}"
EndProject
Global
	GlobalSection(SolutionConfigurationPlatforms) = preSolution
		Debug|Any CPU = Debug|Any CPU
		Release|Any CPU = Release|Any CPU
	EndGlobalSection
	GlobalSection(ProjectConfigurationPlatforms) = postSolution
		{F7D4CCFB-F66C-4406-B803-EB9E83CE6476}.Debug|Any CPU.ActiveCfg = Debug|Any CPU
		{F7D4CCFB-F66C-4406-B803-EB9E83CE6476}.Debug|Any CPU.Build.0 = Debug|Any CPU
		{F7D4CCFB-F66C-4406-B803-EB9E83CE6476}.Release|Any CPU.ActiveCfg = Release|Any CPU
		{F7D4CCFB-F66C-4406-B803-EB9E83CE6476}.Release|Any CPU.Build.0 = Release|Any CPU
		{08E2F5C6-5D1D-4660-A8B6-C39A1ABA5E6D}.Debug|Any CPU.ActiveCfg = Debug|Any CPU
		{08E2F5C6-5D1D-4660-A8B6-C39A1ABA5E6D}.Debug|Any CPU.Build.0 = Debug|Any CPU
		{08E2F5C6-5D1D-4660-A8B6-C39A1ABA5E6D}.Release|Any CPU.ActiveCfg = Release|Any CPU
		{08E2F5C6-5D1D-4660-A8B6-C39A1ABA5E6D}.Release|Any CPU.Build.0 = Release|Any CPU
		{6445F458-B00E-4D0E-8CC4-42CE362055EC}.Debug|Any CPU.ActiveCfg = Debug|Any CPU
		{6445F458-B00E-4D0E-8CC4-42CE362055EC}.Debug|Any CPU.Build.0 = Debug|Any CPU
		{6445F458-B00E-4D0E-8CC4-42CE362055EC}.Release|Any CPU.ActiveCfg = Release|Any CPU
		{6445F458-B00E-4D0E-8CC4-42CE362055EC}.Release|Any CPU.Build.0 = Release|Any CPU
	EndGlobalSection
	GlobalSection(SolutionProperties) = preSolution
		HideSolutionNode = FALSE
	EndGlobalSection
EndGlobal
