
Microsoft Visual Studio Solution File, Format Version 12.00
# Visual Studio 14
VisualStudioVersion = 14.0.25420.1
MinimumVisualStudioVersion = 10.0.40219.1
Project("{FAE04EC0-301F-11D3-BF4B-00C04F79EFBC}") = "p01_SweetDessertProblemDescription", "p01_SweetDessertProblemDescription\p01_SweetDessertProblemDescription.csproj", "{0A24EBE9-F66A-4366-BEFD-E17D68AA6062}"
EndProject
Project("{FAE04EC0-301F-11D3-BF4B-00C04F79EFBC}") = "p02_ArrayManipolator", "p02_ArrayManipolator\p02_ArrayManipolator.csproj", "{955E93AA-69FF-4D2B-B89E-179623277AF6}"
EndProject
Project("{FAE04EC0-301F-11D3-BF4B-00C04F79EFBC}") = "p03_FootballStandings", "p03_FootballStandings\p03_FootballStandings.csproj", "{F018D300-3595-4BAE-B0AE-FEB760CE9036}"
EndProject
Global
	GlobalSection(SolutionConfigurationPlatforms) = preSolution
		Debug|Any CPU = Debug|Any CPU
		Release|Any CPU = Release|Any CPU
	EndGlobalSection
	GlobalSection(ProjectConfigurationPlatforms) = postSolution
		{0A24EBE9-F66A-4366-BEFD-E17D68AA6062}.Debug|Any CPU.ActiveCfg = Debug|Any CPU
		{0A24EBE9-F66A-4366-BEFD-E17D68AA6062}.Debug|Any CPU.Build.0 = Debug|Any CPU
		{0A24EBE9-F66A-4366-BEFD-E17D68AA6062}.Release|Any CPU.ActiveCfg = Release|Any CPU
		{0A24EBE9-F66A-4366-BEFD-E17D68AA6062}.Release|Any CPU.Build.0 = Release|Any CPU
		{955E93AA-69FF-4D2B-B89E-179623277AF6}.Debug|Any CPU.ActiveCfg = Debug|Any CPU
		{955E93AA-69FF-4D2B-B89E-179623277AF6}.Debug|Any CPU.Build.0 = Debug|Any CPU
		{955E93AA-69FF-4D2B-B89E-179623277AF6}.Release|Any CPU.ActiveCfg = Release|Any CPU
		{955E93AA-69FF-4D2B-B89E-179623277AF6}.Release|Any CPU.Build.0 = Release|Any CPU
		{F018D300-3595-4BAE-B0AE-FEB760CE9036}.Debug|Any CPU.ActiveCfg = Debug|Any CPU
		{F018D300-3595-4BAE-B0AE-FEB760CE9036}.Debug|Any CPU.Build.0 = Debug|Any CPU
		{F018D300-3595-4BAE-B0AE-FEB760CE9036}.Release|Any CPU.ActiveCfg = Release|Any CPU
		{F018D300-3595-4BAE-B0AE-FEB760CE9036}.Release|Any CPU.Build.0 = Release|Any CPU
	EndGlobalSection
	GlobalSection(SolutionProperties) = preSolution
		HideSolutionNode = FALSE
	EndGlobalSection
EndGlobal
