
Microsoft Visual Studio Solution File, Format Version 12.00
# Visual Studio 15
VisualStudioVersion = 15.0.26403.3
MinimumVisualStudioVersion = 10.0.40219.1
Project("{FAE04EC0-301F-11D3-BF4B-00C04F79EFBC}") = "P1_SweetDessert", "P1_SweetDessert\P1_SweetDessert.csproj", "{6E156560-2DB7-481F-9AE8-CE34543A3ECC}"
EndProject
Project("{FAE04EC0-301F-11D3-BF4B-00C04F79EFBC}") = "P2_ArrayManipulator", "P2_ArrayManipulator\P2_ArrayManipulator.csproj", "{2801FC0B-AC42-4804-BF49-09B362FDDCB6}"
EndProject
Project("{FAE04EC0-301F-11D3-BF4B-00C04F79EFBC}") = "P3_FutballLeague", "P3_FutballLeague\P3_FutballLeague.csproj", "{C0D1D21B-A89A-4F1C-AAEB-9E428A419E4B}"
EndProject
Project("{FAE04EC0-301F-11D3-BF4B-00C04F79EFBC}") = "P4_CubicsMessages", "P4_CubicsMessages\P4_CubicsMessages.csproj", "{D59FA02E-7398-42C9-B1EC-3A688F951CE7}"
EndProject
Global
	GlobalSection(SolutionConfigurationPlatforms) = preSolution
		Debug|Any CPU = Debug|Any CPU
		Release|Any CPU = Release|Any CPU
	EndGlobalSection
	GlobalSection(ProjectConfigurationPlatforms) = postSolution
		{6E156560-2DB7-481F-9AE8-CE34543A3ECC}.Debug|Any CPU.ActiveCfg = Debug|Any CPU
		{6E156560-2DB7-481F-9AE8-CE34543A3ECC}.Debug|Any CPU.Build.0 = Debug|Any CPU
		{6E156560-2DB7-481F-9AE8-CE34543A3ECC}.Release|Any CPU.ActiveCfg = Release|Any CPU
		{6E156560-2DB7-481F-9AE8-CE34543A3ECC}.Release|Any CPU.Build.0 = Release|Any CPU
		{2801FC0B-AC42-4804-BF49-09B362FDDCB6}.Debug|Any CPU.ActiveCfg = Debug|Any CPU
		{2801FC0B-AC42-4804-BF49-09B362FDDCB6}.Debug|Any CPU.Build.0 = Debug|Any CPU
		{2801FC0B-AC42-4804-BF49-09B362FDDCB6}.Release|Any CPU.ActiveCfg = Release|Any CPU
		{2801FC0B-AC42-4804-BF49-09B362FDDCB6}.Release|Any CPU.Build.0 = Release|Any CPU
		{C0D1D21B-A89A-4F1C-AAEB-9E428A419E4B}.Debug|Any CPU.ActiveCfg = Debug|Any CPU
		{C0D1D21B-A89A-4F1C-AAEB-9E428A419E4B}.Debug|Any CPU.Build.0 = Debug|Any CPU
		{C0D1D21B-A89A-4F1C-AAEB-9E428A419E4B}.Release|Any CPU.ActiveCfg = Release|Any CPU
		{C0D1D21B-A89A-4F1C-AAEB-9E428A419E4B}.Release|Any CPU.Build.0 = Release|Any CPU
		{D59FA02E-7398-42C9-B1EC-3A688F951CE7}.Debug|Any CPU.ActiveCfg = Debug|Any CPU
		{D59FA02E-7398-42C9-B1EC-3A688F951CE7}.Debug|Any CPU.Build.0 = Debug|Any CPU
		{D59FA02E-7398-42C9-B1EC-3A688F951CE7}.Release|Any CPU.ActiveCfg = Release|Any CPU
		{D59FA02E-7398-42C9-B1EC-3A688F951CE7}.Release|Any CPU.Build.0 = Release|Any CPU
	EndGlobalSection
	GlobalSection(SolutionProperties) = preSolution
		HideSolutionNode = FALSE
	EndGlobalSection
EndGlobal
